// !$*UTF8*$!
{
	archiveVersion = 1;
	classes = {
	};
	objectVersion = 56;
	objects = {

/* Begin PBXBuildFile section */
		37E7E7042C82CB51007B61D6 /* RMIT_Casio_Live_CodingApp.swift in Sources */ = {isa = PBXBuildFile; fileRef = 37E7E7032C82CB51007B61D6 /* RMIT_Casio_Live_CodingApp.swift */; };
		37E7E7062C82CB51007B61D6 /* ContentView.swift in Sources */ = {isa = PBXBuildFile; fileRef = 37E7E7052C82CB51007B61D6 /* ContentView.swift */; };
		37E7E7082C82CB5E007B61D6 /* Assets.xcassets in Resources */ = {isa = PBXBuildFile; fileRef = 37E7E7072C82CB5E007B61D6 /* Assets.xcassets */; };
		37E7E70B2C82CB5E007B61D6 /* Preview Assets.xcassets in Resources */ = {isa = PBXBuildFile; fileRef = 37E7E70A2C82CB5E007B61D6 /* Preview Assets.xcassets */; };
		37E7E7152C82CB5F007B61D6 /* RMIT_Casio_Live_CodingTests.swift in Sources */ = {isa = PBXBuildFile; fileRef = 37E7E7142C82CB5F007B61D6 /* RMIT_Casio_Live_CodingTests.swift */; };
		37E7E71F2C82CB5F007B61D6 /* RMIT_Casio_Live_CodingUITests.swift in Sources */ = {isa = PBXBuildFile; fileRef = 37E7E71E2C82CB5F007B61D6 /* RMIT_Casio_Live_CodingUITests.swift */; };
		37E7E7212C82CB5F007B61D6 /* RMIT_Casio_Live_CodingUITestsLaunchTests.swift in Sources */ = {isa = PBXBuildFile; fileRef = 37E7E7202C82CB5F007B61D6 /* RMIT_Casio_Live_CodingUITestsLaunchTests.swift */; };
/* End PBXBuildFile section */

/* Begin PBXContainerItemProxy section */
		37E7E7112C82CB5F007B61D6 /* PBXContainerItemProxy */ = {
			isa = PBXContainerItemProxy;
			containerPortal = 37E7E6F82C82CB51007B61D6 /* Project object */;
			proxyType = 1;
			remoteGlobalIDString = 37E7E6FF2C82CB51007B61D6;
			remoteInfo = "RMIT Casio Live Coding";
		};
		37E7E71B2C82CB5F007B61D6 /* PBXContainerItemProxy */ = {
			isa = PBXContainerItemProxy;
			containerPortal = 37E7E6F82C82CB51007B61D6 /* Project object */;
			proxyType = 1;
			remoteGlobalIDString = 37E7E6FF2C82CB51007B61D6;
			remoteInfo = "RMIT Casio Live Coding";
		};
/* End PBXContainerItemProxy section */

/* Begin PBXFileReference section */
		37E7E7002C82CB51007B61D6 /* RMIT Casio Live Coding.app */ = {isa = PBXFileReference; explicitFileType = wrapper.application; includeInIndex = 0; path = "RMIT Casio Live Coding.app"; sourceTree = BUILT_PRODUCTS_DIR; };
		37E7E7032C82CB51007B61D6 /* RMIT_Casio_Live_CodingApp.swift */ = {isa = PBXFileReference; lastKnownFileType = sourcecode.swift; path = RMIT_Casio_Live_CodingApp.swift; sourceTree = "<group>"; };
		37E7E7052C82CB51007B61D6 /* ContentView.swift */ = {isa = PBXFileReference; lastKnownFileType = sourcecode.swift; path = ContentView.swift; sourceTree = "<group>"; };
		37E7E7072C82CB5E007B61D6 /* Assets.xcassets */ = {isa = PBXFileReference; lastKnownFileType = folder.assetcatalog; path = Assets.xcassets; sourceTree = "<group>"; };
		37E7E70A2C82CB5E007B61D6 /* Preview Assets.xcassets */ = {isa = PBXFileReference; lastKnownFileType = folder.assetcatalog; path = "Preview Assets.xcassets"; sourceTree = "<group>"; };
		37E7E7102C82CB5F007B61D6 /* RMIT Casio Live CodingTests.xctest */ = {isa = PBXFileReference; explicitFileType = wrapper.cfbundle; includeInIndex = 0; path = "RMIT Casio Live CodingTests.xctest"; sourceTree = BUILT_PRODUCTS_DIR; };
		37E7E7142C82CB5F007B61D6 /* RMIT_Casio_Live_CodingTests.swift */ = {isa = PBXFileReference; lastKnownFileType = sourcecode.swift; path = RMIT_Casio_Live_CodingTests.swift; sourceTree = "<group>"; };
		37E7E71A2C82CB5F007B61D6 /* RMIT Casio Live CodingUITests.xctest */ = {isa = PBXFileReference; explicitFileType = wrapper.cfbundle; includeInIndex = 0; path = "RMIT Casio Live CodingUITests.xctest"; sourceTree = BUILT_PRODUCTS_DIR; };
		37E7E71E2C82CB5F007B61D6 /* RMIT_Casio_Live_CodingUITests.swift */ = {isa = PBXFileReference; lastKnownFileType = sourcecode.swift; path = RMIT_Casio_Live_CodingUITests.swift; sourceTree = "<group>"; };
		37E7E7202C82CB5F007B61D6 /* RMIT_Casio_Live_CodingUITestsLaunchTests.swift */ = {isa = PBXFileReference; lastKnownFileType = sourcecode.swift; path = RMIT_Casio_Live_CodingUITestsLaunchTests.swift; sourceTree = "<group>"; };
/* End PBXFileReference section */

/* Begin PBXFrameworksBuildPhase section */
		37E7E6FD2C82CB51007B61D6 /* Frameworks */ = {
			isa = PBXFrameworksBuildPhase;
			buildActionMask = 2147483647;
			files = (
			);
			runOnlyForDeploymentPostprocessing = 0;
		};
		37E7E70D2C82CB5F007B61D6 /* Frameworks */ = {
			isa = PBXFrameworksBuildPhase;
			buildActionMask = 2147483647;
			files = (
			);
			runOnlyForDeploymentPostprocessing = 0;
		};
		37E7E7172C82CB5F007B61D6 /* Frameworks */ = {
			isa = PBXFrameworksBuildPhase;
			buildActionMask = 2147483647;
			files = (
			);
			runOnlyForDeploymentPostprocessing = 0;
		};
/* End PBXFrameworksBuildPhase section */

/* Begin PBXGroup section */
		37E7E6F72C82CB51007B61D6 = {
			isa = PBXGroup;
			children = (
				37E7E7022C82CB51007B61D6 /* RMIT Casio Live Coding */,
				37E7E7132C82CB5F007B61D6 /* RMIT Casio Live CodingTests */,
				37E7E71D2C82CB5F007B61D6 /* RMIT Casio Live CodingUITests */,
				37E7E7012C82CB51007B61D6 /* Products */,
			);
			sourceTree = "<group>";
		};
		37E7E7012C82CB51007B61D6 /* Products */ = {
			isa = PBXGroup;
			children = (
				37E7E7002C82CB51007B61D6 /* RMIT Casio Live Coding.app */,
				37E7E7102C82CB5F007B61D6 /* RMIT Casio Live CodingTests.xctest */,
				37E7E71A2C82CB5F007B61D6 /* RMIT Casio Live CodingUITests.xctest */,
			);
			name = Products;
			sourceTree = "<group>";
		};
		37E7E7022C82CB51007B61D6 /* RMIT Casio Live Coding */ = {
			isa = PBXGroup;
			children = (
				37E7E7032C82CB51007B61D6 /* RMIT_Casio_Live_CodingApp.swift */,
				37E7E7052C82CB51007B61D6 /* ContentView.swift */,
				37E7E7072C82CB5E007B61D6 /* Assets.xcassets */,
				37E7E7092C82CB5E007B61D6 /* Preview Content */,
			);
			path = "RMIT Casio Live Coding";
			sourceTree = "<group>";
		};
		37E7E7092C82CB5E007B61D6 /* Preview Content */ = {
			isa = PBXGroup;
			children = (
				37E7E70A2C82CB5E007B61D6 /* Preview Assets.xcassets */,
			);
			path = "Preview Content";
			sourceTree = "<group>";
		};
		37E7E7132C82CB5F007B61D6 /* RMIT Casio Live CodingTests */ = {
			isa = PBXGroup;
			children = (
				37E7E7142C82CB5F007B61D6 /* RMIT_Casio_Live_CodingTests.swift */,
			);
			path = "RMIT Casio Live CodingTests";
			sourceTree = "<group>";
		};
		37E7E71D2C82CB5F007B61D6 /* RMIT Casio Live CodingUITests */ = {
			isa = PBXGroup;
			children = (
				37E7E71E2C82CB5F007B61D6 /* RMIT_Casio_Live_CodingUITests.swift */,
				37E7E7202C82CB5F007B61D6 /* RMIT_Casio_Live_CodingUITestsLaunchTests.swift */,
			);
			path = "RMIT Casio Live CodingUITests";
			sourceTree = "<group>";
		};
/* End PBXGroup section */

/* Begin PBXNativeTarget section */
		37E7E6FF2C82CB51007B61D6 /* RMIT Casio Live Coding */ = {
			isa = PBXNativeTarget;
			buildConfigurationList = 37E7E7242C82CB5F007B61D6 /* Build configuration list for PBXNativeTarget "RMIT Casio Live Coding" */;
			buildPhases = (
				37E7E6FC2C82CB51007B61D6 /* Sources */,
				37E7E6FD2C82CB51007B61D6 /* Frameworks */,
				37E7E6FE2C82CB51007B61D6 /* Resources */,
			);
			buildRules = (
			);
			dependencies = (
			);
			name = "RMIT Casio Live Coding";
			productName = "RMIT Casio Live Coding";
			productReference = 37E7E7002C82CB51007B61D6 /* RMIT Casio Live Coding.app */;
			productType = "com.apple.product-type.application";
		};
		37E7E70F2C82CB5F007B61D6 /* RMIT Casio Live CodingTests */ = {
			isa = PBXNativeTarget;
			buildConfigurationList = 37E7E7272C82CB5F007B61D6 /* Build configuration list for PBXNativeTarget "RMIT Casio Live CodingTests" */;
			buildPhases = (
				37E7E70C2C82CB5F007B61D6 /* Sources */,
				37E7E70D2C82CB5F007B61D6 /* Frameworks */,
				37E7E70E2C82CB5F007B61D6 /* Resources */,
			);
			buildRules = (
			);
			dependencies = (
				37E7E7122C82CB5F007B61D6 /* PBXTargetDependency */,
			);
			name = "RMIT Casio Live CodingTests";
			productName = "RMIT Casio Live CodingTests";
			productReference = 37E7E7102C82CB5F007B61D6 /* RMIT Casio Live CodingTests.xctest */;
			productType = "com.apple.product-type.bundle.unit-test";
		};
		37E7E7192C82CB5F007B61D6 /* RMIT Casio Live CodingUITests */ = {
			isa = PBXNativeTarget;
			buildConfigurationList = 37E7E72A2C82CB5F007B61D6 /* Build configuration list for PBXNativeTarget "RMIT Casio Live CodingUITests" */;
			buildPhases = (
				37E7E7162C82CB5F007B61D6 /* Sources */,
				37E7E7172C82CB5F007B61D6 /* Frameworks */,
				37E7E7182C82CB5F007B61D6 /* Resources */,
			);
			buildRules = (
			);
			dependencies = (
				37E7E71C2C82CB5F007B61D6 /* PBXTargetDependency */,
			);
			name = "RMIT Casio Live CodingUITests";
			productName = "RMIT Casio Live CodingUITests";
			productReference = 37E7E71A2C82CB5F007B61D6 /* RMIT Casio Live CodingUITests.xctest */;
			productType = "com.apple.product-type.bundle.ui-testing";
		};
/* End PBXNativeTarget section */

/* Begin PBXProject section */
		37E7E6F82C82CB51007B61D6 /* Project object */ = {
			isa = PBXProject;
			attributes = {
				BuildIndependentTargetsInParallel = 1;
				LastSwiftUpdateCheck = 1540;
				LastUpgradeCheck = 1540;
				TargetAttributes = {
					37E7E6FF2C82CB51007B61D6 = {
						CreatedOnToolsVersion = 15.4;
					};
					37E7E70F2C82CB5F007B61D6 = {
						CreatedOnToolsVersion = 15.4;
						TestTargetID = 37E7E6FF2C82CB51007B61D6;
					};
					37E7E7192C82CB5F007B61D6 = {
						CreatedOnToolsVersion = 15.4;
						TestTargetID = 37E7E6FF2C82CB51007B61D6;
					};
				};
			};
			buildConfigurationList = 37E7E6FB2C82CB51007B61D6 /* Build configuration list for PBXProject "RMIT Casio Live Coding" */;
			compatibilityVersion = "Xcode 14.0";
			developmentRegion = en;
			hasScannedForEncodings = 0;
			knownRegions = (
				en,
				Base,
			);
			mainGroup = 37E7E6F72C82CB51007B61D6;
			productRefGroup = 37E7E7012C82CB51007B61D6 /* Products */;
			projectDirPath = "";
			projectRoot = "";
			targets = (
				37E7E6FF2C82CB51007B61D6 /* RMIT Casio Live Coding */,
				37E7E70F2C82CB5F007B61D6 /* RMIT Casio Live CodingTests */,
				37E7E7192C82CB5F007B61D6 /* RMIT Casio Live CodingUITests */,
			);
		};
/* End PBXProject section */

/* Begin PBXResourcesBuildPhase section */
		37E7E6FE2C82CB51007B61D6 /* Resources */ = {
			isa = PBXResourcesBuildPhase;
			buildActionMask = 2147483647;
			files = (
				37E7E70B2C82CB5E007B61D6 /* Preview Assets.xcassets in Resources */,
				37E7E7082C82CB5E007B61D6 /* Assets.xcassets in Resources */,
			);
			runOnlyForDeploymentPostprocessing = 0;
		};
		37E7E70E2C82CB5F007B61D6 /* Resources */ = {
			isa = PBXResourcesBuildPhase;
			buildActionMask = 2147483647;
			files = (
			);
			runOnlyForDeploymentPostprocessing = 0;
		};
		37E7E7182C82CB5F007B61D6 /* Resources */ = {
			isa = PBXResourcesBuildPhase;
			buildActionMask = 2147483647;
			files = (
			);
			runOnlyForDeploymentPostprocessing = 0;
		};
/* End PBXResourcesBuildPhase section */

/* Begin PBXSourcesBuildPhase section */
		37E7E6FC2C82CB51007B61D6 /* Sources */ = {
			isa = PBXSourcesBuildPhase;
			buildActionMask = 2147483647;
			files = (
				37E7E7062C82CB51007B61D6 /* ContentView.swift in Sources */,
				37E7E7042C82CB51007B61D6 /* RMIT_Casio_Live_CodingApp.swift in Sources */,
			);
			runOnlyForDeploymentPostprocessing = 0;
		};
		37E7E70C2C82CB5F007B61D6 /* Sources */ = {
			isa = PBXSourcesBuildPhase;
			buildActionMask = 2147483647;
			files = (
				37E7E7152C82CB5F007B61D6 /* RMIT_Casio_Live_CodingTests.swift in Sources */,
			);
			runOnlyForDeploymentPostprocessing = 0;
		};
		37E7E7162C82CB5F007B61D6 /* Sources */ = {
			isa = PBXSourcesBuildPhase;
			buildActionMask = 2147483647;
			files = (
				37E7E7212C82CB5F007B61D6 /* RMIT_Casio_Live_CodingUITestsLaunchTests.swift in Sources */,
				37E7E71F2C82CB5F007B61D6 /* RMIT_Casio_Live_CodingUITests.swift in Sources */,
			);
			runOnlyForDeploymentPostprocessing = 0;
		};
/* End PBXSourcesBuildPhase section */

/* Begin PBXTargetDependency section */
		37E7E7122C82CB5F007B61D6 /* PBXTargetDependency */ = {
			isa = PBXTargetDependency;
			target = 37E7E6FF2C82CB51007B61D6 /* RMIT Casio Live Coding */;
			targetProxy = 37E7E7112C82CB5F007B61D6 /* PBXContainerItemProxy */;
		};
		37E7E71C2C82CB5F007B61D6 /* PBXTargetDependency */ = {
			isa = PBXTargetDependency;
			target = 37E7E6FF2C82CB51007B61D6 /* RMIT Casio Live Coding */;
			targetProxy = 37E7E71B2C82CB5F007B61D6 /* PBXContainerItemProxy */;
		};
/* End PBXTargetDependency section */

/* Begin XCBuildConfiguration section */
		37E7E7222C82CB5F007B61D6 /* Debug */ = {
			isa = XCBuildConfiguration;
			buildSettings = {
				ALWAYS_SEARCH_USER_PATHS = NO;
				ASSETCATALOG_COMPILER_GENERATE_SWIFT_ASSET_SYMBOL_EXTENSIONS = YES;
				CLANG_ANALYZER_NONNULL = YES;
				CLANG_ANALYZER_NUMBER_OBJECT_CONVERSION = YES_AGGRESSIVE;
				CLANG_CXX_LANGUAGE_STANDARD = "gnu++20";
				CLANG_ENABLE_MODULES = YES;
				CLANG_ENABLE_OBJC_ARC = YES;
				CLANG_ENABLE_OBJC_WEAK = YES;
				CLANG_WARN_BLOCK_CAPTURE_AUTORELEASING = YES;
				CLANG_WARN_BOOL_CONVERSION = YES;
				CLANG_WARN_COMMA = YES;
				CLANG_WARN_CONSTANT_CONVERSION = YES;
				CLANG_WARN_DEPRECATED_OBJC_IMPLEMENTATIONS = YES;
				CLANG_WARN_DIRECT_OBJC_ISA_USAGE = YES_ERROR;
				CLANG_WARN_DOCUMENTATION_COMMENTS = YES;
				CLANG_WARN_EMPTY_BODY = YES;
				CLANG_WARN_ENUM_CONVERSION = YES;
				CLANG_WARN_INFINITE_RECURSION = YES;
				CLANG_WARN_INT_CONVERSION = YES;
				CLANG_WARN_NON_LITERAL_NULL_CONVERSION = YES;
				CLANG_WARN_OBJC_IMPLICIT_RETAIN_SELF = YES;
				CLANG_WARN_OBJC_LITERAL_CONVERSION = YES;
				CLANG_WARN_OBJC_ROOT_CLASS = YES_ERROR;
				CLANG_WARN_QUOTED_INCLUDE_IN_FRAMEWORK_HEADER = YES;
				CLANG_WARN_RANGE_LOOP_ANALYSIS = YES;
				CLANG_WARN_STRICT_PROTOTYPES = YES;
				CLANG_WARN_SUSPICIOUS_MOVE = YES;
				CLANG_WARN_UNGUARDED_AVAILABILITY = YES_AGGRESSIVE;
				CLANG_WARN_UNREACHABLE_CODE = YES;
				CLANG_WARN__DUPLICATE_METHOD_MATCH = YES;
				COPY_PHASE_STRIP = NO;
				DEBUG_INFORMATION_FORMAT = dwarf;
				ENABLE_STRICT_OBJC_MSGSEND = YES;
				ENABLE_TESTABILITY = YES;
				ENABLE_USER_SCRIPT_SANDBOXING = YES;
				GCC_C_LANGUAGE_STANDARD = gnu17;
				GCC_DYNAMIC_NO_PIC = NO;
				GCC_NO_COMMON_BLOCKS = YES;
				GCC_OPTIMIZATION_LEVEL = 0;
				GCC_PREPROCESSOR_DEFINITIONS = (
					"DEBUG=1",
					"$(inherited)",
				);
				GCC_WARN_64_TO_32_BIT_CONVERSION = YES;
				GCC_WARN_ABOUT_RETURN_TYPE = YES_ERROR;
				GCC_WARN_UNDECLARED_SELECTOR = YES;
				GCC_WARN_UNINITIALIZED_AUTOS = YES_AGGRESSIVE;
				GCC_WARN_UNUSED_FUNCTION = YES;
				GCC_WARN_UNUSED_VARIABLE = YES;
				IPHONEOS_DEPLOYMENT_TARGET = 17.5;
				LOCALIZATION_PREFERS_STRING_CATALOGS = YES;
				MTL_ENABLE_DEBUG_INFO = INCLUDE_SOURCE;
				MTL_FAST_MATH = YES;
				ONLY_ACTIVE_ARCH = YES;
				SDKROOT = iphoneos;
				SWIFT_ACTIVE_COMPILATION_CONDITIONS = "DEBUG $(inherited)";
				SWIFT_OPTIMIZATION_LEVEL = "-Onone";
			};
			name = Debug;
		};
		37E7E7232C82CB5F007B61D6 /* Release */ = {
			isa = XCBuildConfiguration;
			buildSettings = {
				ALWAYS_SEARCH_USER_PATHS = NO;
				ASSETCATALOG_COMPILER_GENERATE_SWIFT_ASSET_SYMBOL_EXTENSIONS = YES;
				CLANG_ANALYZER_NONNULL = YES;
				CLANG_ANALYZER_NUMBER_OBJECT_CONVERSION = YES_AGGRESSIVE;
				CLANG_CXX_LANGUAGE_STANDARD = "gnu++20";
				CLANG_ENABLE_MODULES = YES;
				CLANG_ENABLE_OBJC_ARC = YES;
				CLANG_ENABLE_OBJC_WEAK = YES;
				CLANG_WARN_BLOCK_CAPTURE_AUTORELEASING = YES;
				CLANG_WARN_BOOL_CONVERSION = YES;
				CLANG_WARN_COMMA = YES;
				CLANG_WARN_CONSTANT_CONVERSION = YES;
				CLANG_WARN_DEPRECATED_OBJC_IMPLEMENTATIONS = YES;
				CLANG_WARN_DIRECT_OBJC_ISA_USAGE = YES_ERROR;
				CLANG_WARN_DOCUMENTATION_COMMENTS = YES;
				CLANG_WARN_EMPTY_BODY = YES;
				CLANG_WARN_ENUM_CONVERSION = YES;
				CLANG_WARN_INFINITE_RECURSION = YES;
				CLANG_WARN_INT_CONVERSION = YES;
				CLANG_WARN_NON_LITERAL_NULL_CONVERSION = YES;
				CLANG_WARN_OBJC_IMPLICIT_RETAIN_SELF = YES;
				CLANG_WARN_OBJC_LITERAL_CONVERSION = YES;
				CLANG_WARN_OBJC_ROOT_CLASS = YES_ERROR;
				CLANG_WARN_QUOTED_INCLUDE_IN_FRAMEWORK_HEADER = YES;
				CLANG_WARN_RANGE_LOOP_ANALYSIS = YES;
				CLANG_WARN_STRICT_PROTOTYPES = YES;
				CLANG_WARN_SUSPICIOUS_MOVE = YES;
				CLANG_WARN_UNGUARDED_AVAILABILITY = YES_AGGRESSIVE;
				CLANG_WARN_UNREACHABLE_CODE = YES;
				CLANG_WARN__DUPLICATE_METHOD_MATCH = YES;
				COPY_PHASE_STRIP = NO;
				DEBUG_INFORMATION_FORMAT = "dwarf-with-dsym";
				ENABLE_NS_ASSERTIONS = NO;
				ENABLE_STRICT_OBJC_MSGSEND = YES;
				ENABLE_USER_SCRIPT_SANDBOXING = YES;
				GCC_C_LANGUAGE_STANDARD = gnu17;
				GCC_NO_COMMON_BLOCKS = YES;
				GCC_WARN_64_TO_32_BIT_CONVERSION = YES;
				GCC_WARN_ABOUT_RETURN_TYPE = YES_ERROR;
				GCC_WARN_UNDECLARED_SELECTOR = YES;
				GCC_WARN_UNINITIALIZED_AUTOS = YES_AGGRESSIVE;
				GCC_WARN_UNUSED_FUNCTION = YES;
				GCC_WARN_UNUSED_VARIABLE = YES;
				IPHONEOS_DEPLOYMENT_TARGET = 17.5;
				LOCALIZATION_PREFERS_STRING_CATALOGS = YES;
				MTL_ENABLE_DEBUG_INFO = NO;
				MTL_FAST_MATH = YES;
				SDKROOT = iphoneos;
				SWIFT_COMPILATION_MODE = wholemodule;
				VALIDATE_PRODUCT = YES;
			};
			name = Release;
		};
		37E7E7252C82CB5F007B61D6 /* Debug */ = {
			isa = XCBuildConfiguration;
			buildSettings = {
				ASSETCATALOG_COMPILER_APPICON_NAME = AppIcon;
				ASSETCATALOG_COMPILER_GLOBAL_ACCENT_COLOR_NAME = AccentColor;
				CODE_SIGN_STYLE = Automatic;
				CURRENT_PROJECT_VERSION = 1;
				DEVELOPMENT_ASSET_PATHS = "\"RMIT Casio Live Coding/Preview Content\"";
				DEVELOPMENT_TEAM = DDJ37LX42J;
				ENABLE_PREVIEWS = YES;
				GENERATE_INFOPLIST_FILE = YES;
				INFOPLIST_KEY_UIApplicationSceneManifest_Generation = YES;
				INFOPLIST_KEY_UIApplicationSupportsIndirectInputEvents = YES;
				INFOPLIST_KEY_UILaunchScreen_Generation = YES;
				INFOPLIST_KEY_UISupportedInterfaceOrientations_iPad = "UIInterfaceOrientationPortrait UIInterfaceOrientationPortraitUpsideDown UIInterfaceOrientationLandscapeLeft UIInterfaceOrientationLandscapeRight";
				INFOPLIST_KEY_UISupportedInterfaceOrientations_iPhone = "UIInterfaceOrientationPortrait UIInterfaceOrientationLandscapeLeft UIInterfaceOrientationLandscapeRight";
				LD_RUNPATH_SEARCH_PATHS = (
					"$(inherited)",
					"@executable_path/Frameworks",
				);
				MARKETING_VERSION = 1.0;
				PRODUCT_BUNDLE_IDENTIFIER = "vn.edu.rmit.finndang.RMIT-Casio-Live-Coding";
				PRODUCT_NAME = "$(TARGET_NAME)";
				SWIFT_EMIT_LOC_STRINGS = YES;
				SWIFT_VERSION = 5.0;
				TARGETED_DEVICE_FAMILY = "1,2";
			};
			name = Debug;
		};
		37E7E7262C82CB5F007B61D6 /* Release */ = {
			isa = XCBuildConfiguration;
			buildSettings = {
				ASSETCATALOG_COMPILER_APPICON_NAME = AppIcon;
				ASSETCATALOG_COMPILER_GLOBAL_ACCENT_COLOR_NAME = AccentColor;
				CODE_SIGN_STYLE = Automatic;
				CURRENT_PROJECT_VERSION = 1;
				DEVELOPMENT_ASSET_PATHS = "\"RMIT Casio Live Coding/Preview Content\"";
				DEVELOPMENT_TEAM = DDJ37LX42J;
				ENABLE_PREVIEWS = YES;
				GENERATE_INFOPLIST_FILE = YES;
				INFOPLIST_KEY_UIApplicationSceneManifest_Generation = YES;
				INFOPLIST_KEY_UIApplicationSupportsIndirectInputEvents = YES;
				INFOPLIST_KEY_UILaunchScreen_Generation = YES;
				INFOPLIST_KEY_UISupportedInterfaceOrientations_iPad = "UIInterfaceOrientationPortrait UIInterfaceOrientationPortraitUpsideDown UIInterfaceOrientationLandscapeLeft UIInterfaceOrientationLandscapeRight";
				INFOPLIST_KEY_UISupportedInterfaceOrientations_iPhone = "UIInterfaceOrientationPortrait UIInterfaceOrientationLandscapeLeft UIInterfaceOrientationLandscapeRight";
				LD_RUNPATH_SEARCH_PATHS = (
					"$(inherited)",
					"@executable_path/Frameworks",
				);
				MARKETING_VERSION = 1.0;
				PRODUCT_BUNDLE_IDENTIFIER = "vn.edu.rmit.finndang.RMIT-Casio-Live-Coding";
				PRODUCT_NAME = "$(TARGET_NAME)";
				SWIFT_EMIT_LOC_STRINGS = YES;
				SWIFT_VERSION = 5.0;
				TARGETED_DEVICE_FAMILY = "1,2";
			};
			name = Release;
		};
		37E7E7282C82CB5F007B61D6 /* Debug */ = {
			isa = XCBuildConfiguration;
			buildSettings = {
				ALWAYS_EMBED_SWIFT_STANDARD_LIBRARIES = YES;
				BUNDLE_LOADER = "$(TEST_HOST)";
				CODE_SIGN_STYLE = Automatic;
				CURRENT_PROJECT_VERSION = 1;
				DEVELOPMENT_TEAM = DDJ37LX42J;
				GENERATE_INFOPLIST_FILE = YES;
				IPHONEOS_DEPLOYMENT_TARGET = 17.5;
				MARKETING_VERSION = 1.0;
				PRODUCT_BUNDLE_IDENTIFIER = "vn.edu.rmit.finndang.RMIT-Casio-Live-CodingTests";
				PRODUCT_NAME = "$(TARGET_NAME)";
				SWIFT_EMIT_LOC_STRINGS = NO;
				SWIFT_VERSION = 5.0;
				TARGETED_DEVICE_FAMILY = "1,2";
				TEST_HOST = "$(BUILT_PRODUCTS_DIR)/RMIT Casio Live Coding.app/$(BUNDLE_EXECUTABLE_FOLDER_PATH)/RMIT Casio Live Coding";
			};
			name = Debug;
		};
		37E7E7292C82CB5F007B61D6 /* Release */ = {
			isa = XCBuildConfiguration;
			buildSettings = {
				ALWAYS_EMBED_SWIFT_STANDARD_LIBRARIES = YES;
				BUNDLE_LOADER = "$(TEST_HOST)";
				CODE_SIGN_STYLE = Automatic;
				CURRENT_PROJECT_VERSION = 1;
				DEVELOPMENT_TEAM = DDJ37LX42J;
				GENERATE_INFOPLIST_FILE = YES;
				IPHONEOS_DEPLOYMENT_TARGET = 17.5;
				MARKETING_VERSION = 1.0;
				PRODUCT_BUNDLE_IDENTIFIER = "vn.edu.rmit.finndang.RMIT-Casio-Live-CodingTests";
				PRODUCT_NAME = "$(TARGET_NAME)";
				SWIFT_EMIT_LOC_STRINGS = NO;
				SWIFT_VERSION = 5.0;
				TARGETED_DEVICE_FAMILY = "1,2";
				TEST_HOST = "$(BUILT_PRODUCTS_DIR)/RMIT Casio Live Coding.app/$(BUNDLE_EXECUTABLE_FOLDER_PATH)/RMIT Casio Live Coding";
			};
			name = Release;
		};
		37E7E72B2C82CB5F007B61D6 /* Debug */ = {
			isa = XCBuildConfiguration;
			buildSettings = {
				ALWAYS_EMBED_SWIFT_STANDARD_LIBRARIES = YES;
				CODE_SIGN_STYLE = Automatic;
				CURRENT_PROJECT_VERSION = 1;
				DEVELOPMENT_TEAM = DDJ37LX42J;
				GENERATE_INFOPLIST_FILE = YES;
				MARKETING_VERSION = 1.0;
				PRODUCT_BUNDLE_IDENTIFIER = "vn.edu.rmit.finndang.RMIT-Casio-Live-CodingUITests";
				PRODUCT_NAME = "$(TARGET_NAME)";
				SWIFT_EMIT_LOC_STRINGS = NO;
				SWIFT_VERSION = 5.0;
				TARGETED_DEVICE_FAMILY = "1,2";
				TEST_TARGET_NAME = "RMIT Casio Live Coding";
			};
			name = Debug;
		};
		37E7E72C2C82CB5F007B61D6 /* Release */ = {
			isa = XCBuildConfiguration;
			buildSettings = {
				ALWAYS_EMBED_SWIFT_STANDARD_LIBRARIES = YES;
				CODE_SIGN_STYLE = Automatic;
				CURRENT_PROJECT_VERSION = 1;
				DEVELOPMENT_TEAM = DDJ37LX42J;
				GENERATE_INFOPLIST_FILE = YES;
				MARKETING_VERSION = 1.0;
				PRODUCT_BUNDLE_IDENTIFIER = "vn.edu.rmit.finndang.RMIT-Casio-Live-CodingUITests";
				PRODUCT_NAME = "$(TARGET_NAME)";
				SWIFT_EMIT_LOC_STRINGS = NO;
				SWIFT_VERSION = 5.0;
				TARGETED_DEVICE_FAMILY = "1,2";
				TEST_TARGET_NAME = "RMIT Casio Live Coding";
			};
			name = Release;
		};
/* End XCBuildConfiguration section */

/* Begin XCConfigurationList section */
		37E7E6FB2C82CB51007B61D6 /* Build configuration list for PBXProject "RMIT Casio Live Coding" */ = {
			isa = XCConfigurationList;
			buildConfigurations = (
				37E7E7222C82CB5F007B61D6 /* Debug */,
				37E7E7232C82CB5F007B61D6 /* Release */,
			);
			defaultConfigurationIsVisible = 0;
			defaultConfigurationName = Release;
		};
		37E7E7242C82CB5F007B61D6 /* Build configuration list for PBXNativeTarget "RMIT Casio Live Coding" */ = {
			isa = XCConfigurationList;
			buildConfigurations = (
				37E7E7252C82CB5F007B61D6 /* Debug */,
				37E7E7262C82CB5F007B61D6 /* Release */,
			);
			defaultConfigurationIsVisible = 0;
			defaultConfigurationName = Release;
		};
		37E7E7272C82CB5F007B61D6 /* Build configuration list for PBXNativeTarget "RMIT Casio Live CodingTests" */ = {
			isa = XCConfigurationList;
			buildConfigurations = (
				37E7E7282C82CB5F007B61D6 /* Debug */,
				37E7E7292C82CB5F007B61D6 /* Release */,
			);
			defaultConfigurationIsVisible = 0;
			defaultConfigurationName = Release;
		};
		37E7E72A2C82CB5F007B61D6 /* Build configuration list for PBXNativeTarget "RMIT Casio Live CodingUITests" */ = {
			isa = XCConfigurationList;
			buildConfigurations = (
				37E7E72B2C82CB5F007B61D6 /* Debug */,
				37E7E72C2C82CB5F007B61D6 /* Release */,
			);
			defaultConfigurationIsVisible = 0;
			defaultConfigurationName = Release;
		};
/* End XCConfigurationList section */
	};
	rootObject = 37E7E6F82C82CB51007B61D6 /* Project object */;
}
